
Microsoft Visual Studio Solution File, Format Version 12.00
# Visual Studio 15
VisualStudioVersion = 15.0.28010.2046
MinimumVisualStudioVersion = 10.0.40219.1
Project("{FAE04EC0-301F-11D3-BF4B-00C04F79EFBC}") = "AUT.MintaHf1", "AUT.MintaHf1\AUT.MintaHf1.csproj", "{58681DE7-CDE1-4E86-B21C-F8079F1FA4E4}"
EndProject
Global
	GlobalSection(SolutionConfigurationPlatforms) = preSolution
		Debug|Any CPU = Debug|Any CPU
		Release|Any CPU = Release|Any CPU
	EndGlobalSection
	GlobalSection(ProjectConfigurationPlatforms) = postSolution
		{58681DE7-CDE1-4E86-B21C-F8079F1FA4E4}.Debug|Any CPU.ActiveCfg = Debug|Any CPU
		{58681DE7-CDE1-4E86-B21C-F8079F1FA4E4}.Debug|Any CPU.Build.0 = Debug|Any CPU
		{58681DE7-CDE1-4E86-B21C-F8079F1FA4E4}.Release|Any CPU.ActiveCfg = Release|Any CPU
		{58681DE7-CDE1-4E86-B21C-F8079F1FA4E4}.Release|Any CPU.Build.0 = Release|Any CPU
	EndGlobalSection
	GlobalSection(SolutionProperties) = preSolution
		HideSolutionNode = FALSE
	EndGlobalSection
	GlobalSection(ExtensibilityGlobals) = postSolution
		SolutionGuid = {F237CA34-7F11-424F-88C3-E22EB544DDFB}
	EndGlobalSection
EndGlobal
